
Microsoft Visual Studio Solution File, Format Version 12.00
# Visual Studio Version 17
VisualStudioVersion = 17.0.32112.339
MinimumVisualStudioVersion = 10.0.40219.1
Project("{9A19103F-16F7-4668-BE54-9A1E7A4F7556}") = "Test", "Test\Test.csproj", "{A03034A3-BD5B-493E-891A-BA2CB67E9F69}"
EndProject
Project("{9A19103F-16F7-4668-BE54-9A1E7A4F7556}") = "Common", "Common\Common.csproj", "{5BFC9C26-2C8C-4EB6-A0F1-9C1E8A162BD0}"
EndProject
Project("{9A19103F-16F7-4668-BE54-9A1E7A4F7556}") = "Metadata", "Metadata\Metadata.csproj", "{4E51B1D7-37D1-4746-9AA3-FAB969733F71}"
EndProject
Project("{9A19103F-16F7-4668-BE54-9A1E7A4F7556}") = "ReverseCompiler", "ReverseCompiler\ReverseCompiler.csproj", "{20B8B43E-4BB8-4B87-912D-8D27AC4052DD}"
EndProject
Project("{9A19103F-16F7-4668-BE54-9A1E7A4F7556}") = "ReverseCompiler.Target.TSDef", "ReverseCompiler.Target.TSDef\ReverseCompiler.Target.TSDef.csproj", "{E441FC92-64BB-42EC-908F-979D9FB1299E}"
EndProject
Project("{2150E333-8FDC-42A3-9474-1A3956D46DE8}") = "il2cpp", "il2cpp", "{DBE77B12-2DE1-40D3-A7B7-59547DCAA3AF}"
EndProject
Global
	GlobalSection(SolutionConfigurationPlatforms) = preSolution
		Debug|x64 = Debug|x64
		Release|x64 = Release|x64
	EndGlobalSection
	GlobalSection(ProjectConfigurationPlatforms) = postSolution
		{A03034A3-BD5B-493E-891A-BA2CB67E9F69}.Debug|x64.ActiveCfg = Debug|x64
		{A03034A3-BD5B-493E-891A-BA2CB67E9F69}.Debug|x64.Build.0 = Debug|x64
		{A03034A3-BD5B-493E-891A-BA2CB67E9F69}.Release|x64.ActiveCfg = Release|x64
		{A03034A3-BD5B-493E-891A-BA2CB67E9F69}.Release|x64.Build.0 = Release|x64
		{5BFC9C26-2C8C-4EB6-A0F1-9C1E8A162BD0}.Debug|x64.ActiveCfg = Debug|x64
		{5BFC9C26-2C8C-4EB6-A0F1-9C1E8A162BD0}.Debug|x64.Build.0 = Debug|x64
		{5BFC9C26-2C8C-4EB6-A0F1-9C1E8A162BD0}.Release|x64.ActiveCfg = Release|x64
		{5BFC9C26-2C8C-4EB6-A0F1-9C1E8A162BD0}.Release|x64.Build.0 = Release|x64
		{4E51B1D7-37D1-4746-9AA3-FAB969733F71}.Debug|x64.ActiveCfg = Debug|x64
		{4E51B1D7-37D1-4746-9AA3-FAB969733F71}.Debug|x64.Build.0 = Debug|x64
		{4E51B1D7-37D1-4746-9AA3-FAB969733F71}.Release|x64.ActiveCfg = Release|x64
		{4E51B1D7-37D1-4746-9AA3-FAB969733F71}.Release|x64.Build.0 = Release|x64
		{20B8B43E-4BB8-4B87-912D-8D27AC4052DD}.Debug|x64.ActiveCfg = Debug|x64
		{20B8B43E-4BB8-4B87-912D-8D27AC4052DD}.Debug|x64.Build.0 = Debug|x64
		{20B8B43E-4BB8-4B87-912D-8D27AC4052DD}.Release|x64.ActiveCfg = Release|x64
		{20B8B43E-4BB8-4B87-912D-8D27AC4052DD}.Release|x64.Build.0 = Release|x64
		{E441FC92-64BB-42EC-908F-979D9FB1299E}.Debug|x64.ActiveCfg = Debug|x64
		{E441FC92-64BB-42EC-908F-979D9FB1299E}.Debug|x64.Build.0 = Debug|x64
		{E441FC92-64BB-42EC-908F-979D9FB1299E}.Release|x64.ActiveCfg = Release|x64
		{E441FC92-64BB-42EC-908F-979D9FB1299E}.Release|x64.Build.0 = Release|x64
	EndGlobalSection
	GlobalSection(SolutionProperties) = preSolution
		HideSolutionNode = FALSE
	EndGlobalSection
	GlobalSection(NestedProjects) = preSolution
		{5BFC9C26-2C8C-4EB6-A0F1-9C1E8A162BD0} = {DBE77B12-2DE1-40D3-A7B7-59547DCAA3AF}
		{4E51B1D7-37D1-4746-9AA3-FAB969733F71} = {DBE77B12-2DE1-40D3-A7B7-59547DCAA3AF}
		{20B8B43E-4BB8-4B87-912D-8D27AC4052DD} = {DBE77B12-2DE1-40D3-A7B7-59547DCAA3AF}
		{E441FC92-64BB-42EC-908F-979D9FB1299E} = {DBE77B12-2DE1-40D3-A7B7-59547DCAA3AF}
	EndGlobalSection
	GlobalSection(ExtensibilityGlobals) = postSolution
		SolutionGuid = {8E9FBE59-CFA1-4698-98E9-17B907493C82}
	EndGlobalSection
EndGlobal
