<?xml version="1.0" encoding="utf-8"?>
<Project ToolsVersion="4.0" xmlns="http://schemas.microsoft.com/developer/msbuild/2003">
  <ItemGroup>
    <Filter Include="inc">
      <UniqueIdentifier>{ba35d856-b3a7-4d68-b7fd-1297e8caa03b}</UniqueIdentifier>
    </Filter>
    <Filter Include="service">
      <UniqueIdentifier>{dabd805d-4d26-4e77-9f73-056c2857a15d}</UniqueIdentifier>
    </Filter>
    <Filter Include="win">
      <UniqueIdentifier>{fb3553bd-3370-460f-b499-b8ab793176a3}</UniqueIdentifier>
    </Filter>
  </ItemGroup>
  <ItemGroup>
    <ClInclude Include="src\inc\pch.h">
      <Filter>inc</Filter>
    </ClInclude>
    <ClInclude Include="src\inc\PublicApi.h">
      <Filter>inc</Filter>
    </ClInclude>
    <ClInclude Include="src\inc\safe_queue.h">
      <Filter>inc</Filter>
    </ClInclude>
    <ClInclude Include="src\inc\SmartHandle.h">
      <Filter>inc</Filter>
    </ClInclude>
    <ClInclude Include="src\inc\ExecutionQueue.h">
      <Filter>inc</Filter>
    </ClInclude>
    <ClInclude Include="src\inc\framework.h">
      <Filter>inc</Filter>
    </ClInclude>
    <ClInclude Include="src\service\MessageService.h">
      <Filter>service</Filter>
    </ClInclude>
    <ClInclude Include="src\win\InjectionHook.h">
      <Filter>win</Filter>
    </ClInclude>
    <ClInclude Include="src\win\Snapshot.h">
      <Filter>win</Filter>
    </ClInclude>
    <ClInclude Include="src\win\WindowHelpers.h">
      <Filter>win</Filter>
    </ClInclude>
    <ClInclude Include="src\InjectionHost.h" />
    <ClInclude Include="src\MessageHandler.h" />
  </ItemGroup>
  <ItemGroup>
    <ClCompile Include="src\service\MessageService.cpp">
      <Filter>service</Filter>
    </ClCompile>
    <ClCompile Include="src\win\InjectionHook.cpp">
      <Filter>win</Filter>
    </ClCompile>
    <ClCompile Include="src\win\Snapshot.cpp">
      <Filter>win</Filter>
    </ClCompile>
    <ClCompile Include="src\win\WindowHelpers.cpp">
      <Filter>win</Filter>
    </ClCompile>
    <ClCompile Include="src\pch.cpp" />
    <ClCompile Include="src\win\dllmain.cpp">
      <Filter>win</Filter>
    </ClCompile>
    <ClCompile Include="src\PublicApi.cpp" />
    <ClCompile Include="src\InjectionHost.cpp" />
    <ClCompile Include="src\MessageHandler.cpp" />
  </ItemGroup>
</Project>